// !$*UTF8*$!
{
	archiveVersion = 1;
	classes = {
	};
	objectVersion = 56;
	objects = {

/* Begin PBXBuildFile section */
		AF40FDD32A5DC6910015D7A8 /* AppDelegate.swift in Sources */ = {isa = PBXBuildFile; fileRef = AF40FDD22A5DC6910015D7A8 /* AppDelegate.swift */; };
		AF40FDDE2A5DC6910015D7A8 /* Main.storyboard in Resources */ = {isa = PBXBuildFile; fileRef = AF40FDDC2A5DC6910015D7A8 /* Main.storyboard */; };
		AF40FDE02A5DC6920015D7A8 /* Assets.xcassets in Resources */ = {isa = PBXBuildFile; fileRef = AF40FDDF2A5DC6920015D7A8 /* Assets.xcassets */; };
		AF40FDE32A5DC6920015D7A8 /* LaunchScreen.storyboard in Resources */ = {isa = PBXBuildFile; fileRef = AF40FDE12A5DC6920015D7A8 /* LaunchScreen.storyboard */; };
		AF40FDEA2A5DC6D10015D7A8 /* ViewController.swift in Sources */ = {isa = PBXBuildFile; fileRef = AF40FDE92A5DC6D10015D7A8 /* ViewController.swift */; };
		AF40FDEE2A5DC75A0015D7A8 /* GameScene.swift in Sources */ = {isa = PBXBuildFile; fileRef = AF40FDED2A5DC75A0015D7A8 /* GameScene.swift */; };
		AF40FDF32A5DCCE50015D7A8 /* SKButtonNode.swift in Sources */ = {isa = PBXBuildFile; fileRef = AF40FDF22A5DCCE50015D7A8 /* SKButtonNode.swift */; };
		AF40FE012A5DEADC0015D7A8 /* MenuPauseFunc.swift in Sources */ = {isa = PBXBuildFile; fileRef = AF40FE002A5DEADC0015D7A8 /* MenuPauseFunc.swift */; };
		AF7CA02A2A605B2B00AFCCC1 /* MeenuPause.sks in Resources */ = {isa = PBXBuildFile; fileRef = AF7CA0292A605B2B00AFCCC1 /* MeenuPause.sks */; };
		AF7CA02C2A605B7E00AFCCC1 /* MenuPause.swift in Sources */ = {isa = PBXBuildFile; fileRef = AF7CA02B2A605B7E00AFCCC1 /* MenuPause.swift */; };
		AF7CA02E2A6073D700AFCCC1 /* botao_pause_x2.png in Resources */ = {isa = PBXBuildFile; fileRef = AF7CA02D2A6073D700AFCCC1 /* botao_pause_x2.png */; };
		AFE8821A2A60823A009DF268 /* buttonBackground.png in Resources */ = {isa = PBXBuildFile; fileRef = AFE8820F2A608239009DF268 /* buttonBackground.png */; };
		AFE8821B2A60823A009DF268 /* joystickButtonBackground.png in Resources */ = {isa = PBXBuildFile; fileRef = AFE882102A608239009DF268 /* joystickButtonBackground.png */; };
		AFE8821C2A60823A009DF268 /* checkButtonBackground.png in Resources */ = {isa = PBXBuildFile; fileRef = AFE882112A608239009DF268 /* checkButtonBackground.png */; };
		AFE8821D2A60823A009DF268 /* languageButtonBackground.png in Resources */ = {isa = PBXBuildFile; fileRef = AFE882122A608239009DF268 /* languageButtonBackground.png */; };
		AFE8821E2A60823A009DF268 /* backgroundPequeno.png in Resources */ = {isa = PBXBuildFile; fileRef = AFE882132A608239009DF268 /* backgroundPequeno.png */; };
		AFE8821F2A60823A009DF268 /* musicButtonBackground.png in Resources */ = {isa = PBXBuildFile; fileRef = AFE882142A60823A009DF268 /* musicButtonBackground.png */; };
		AFE882202A60823A009DF268 /* musicMuteButtonBackground.png in Resources */ = {isa = PBXBuildFile; fileRef = AFE882152A60823A009DF268 /* musicMuteButtonBackground.png */; };
		AFE882212A60823A009DF268 /* settingsBackground.png in Resources */ = {isa = PBXBuildFile; fileRef = AFE882162A60823A009DF268 /* settingsBackground.png */; };
		AFE882222A60823A009DF268 /* soundButtonBackground.png in Resources */ = {isa = PBXBuildFile; fileRef = AFE882172A60823A009DF268 /* soundButtonBackground.png */; };
		AFE882232A60823A009DF268 /* soundMuteButtonBackground.png in Resources */ = {isa = PBXBuildFile; fileRef = AFE882182A60823A009DF268 /* soundMuteButtonBackground.png */; };
		AFE882242A60823A009DF268 /* aboutButtonBackground.png in Resources */ = {isa = PBXBuildFile; fileRef = AFE882192A60823A009DF268 /* aboutButtonBackground.png */; };
		AFE8822A2A608360009DF268 /* backgroundMenuPause.png in Resources */ = {isa = PBXBuildFile; fileRef = AFE882252A608360009DF268 /* backgroundMenuPause.png */; };
		AFE8822B2A608360009DF268 /* exitButtonBackground.png in Resources */ = {isa = PBXBuildFile; fileRef = AFE882262A608360009DF268 /* exitButtonBackground.png */; };
		AFE8822C2A608360009DF268 /* resumeButtonBackground.png in Resources */ = {isa = PBXBuildFile; fileRef = AFE882272A608360009DF268 /* resumeButtonBackground.png */; };
		AFE8822D2A608360009DF268 /* restartButtonBackground.png in Resources */ = {isa = PBXBuildFile; fileRef = AFE882282A608360009DF268 /* restartButtonBackground.png */; };
		AFE8822E2A608360009DF268 /* settingsButtonBackground.png in Resources */ = {isa = PBXBuildFile; fileRef = AFE882292A608360009DF268 /* settingsButtonBackground.png */; };
		AFE882302A6083AD009DF268 /* MenuSettings.sks in Resources */ = {isa = PBXBuildFile; fileRef = AFE8822F2A6083AD009DF268 /* MenuSettings.sks */; };
		AFE882322A6086F7009DF268 /* MenuPause.sks in Resources */ = {isa = PBXBuildFile; fileRef = AFE882312A6086F7009DF268 /* MenuPause.sks */; };
		AFE882342A6088BD009DF268 /* MenuSettingsJoystick.sks in Resources */ = {isa = PBXBuildFile; fileRef = AFE882332A6088BD009DF268 /* MenuSettingsJoystick.sks */; };
		AFE882362A608923009DF268 /* MenuSettingsLanguage.sks in Resources */ = {isa = PBXBuildFile; fileRef = AFE882352A608923009DF268 /* MenuSettingsLanguage.sks */; };
/* End PBXBuildFile section */

/* Begin PBXFileReference section */
		AF40FDCF2A5DC6910015D7A8 /* MiniChallenge01.app */ = {isa = PBXFileReference; explicitFileType = wrapper.application; includeInIndex = 0; path = MiniChallenge01.app; sourceTree = BUILT_PRODUCTS_DIR; };
		AF40FDD22A5DC6910015D7A8 /* AppDelegate.swift */ = {isa = PBXFileReference; lastKnownFileType = sourcecode.swift; path = AppDelegate.swift; sourceTree = "<group>"; };
		AF40FDDD2A5DC6910015D7A8 /* Base */ = {isa = PBXFileReference; lastKnownFileType = file.storyboard; name = Base; path = Base.lproj/Main.storyboard; sourceTree = "<group>"; };
		AF40FDDF2A5DC6920015D7A8 /* Assets.xcassets */ = {isa = PBXFileReference; lastKnownFileType = folder.assetcatalog; path = Assets.xcassets; sourceTree = "<group>"; };
		AF40FDE22A5DC6920015D7A8 /* Base */ = {isa = PBXFileReference; lastKnownFileType = file.storyboard; name = Base; path = Base.lproj/LaunchScreen.storyboard; sourceTree = "<group>"; };
		AF40FDE92A5DC6D10015D7A8 /* ViewController.swift */ = {isa = PBXFileReference; lastKnownFileType = sourcecode.swift; path = ViewController.swift; sourceTree = "<group>"; };
		AF40FDED2A5DC75A0015D7A8 /* GameScene.swift */ = {isa = PBXFileReference; lastKnownFileType = sourcecode.swift; path = GameScene.swift; sourceTree = "<group>"; };
		AF40FDF22A5DCCE50015D7A8 /* SKButtonNode.swift */ = {isa = PBXFileReference; lastKnownFileType = sourcecode.swift; path = SKButtonNode.swift; sourceTree = "<group>"; };
		AF40FE002A5DEADC0015D7A8 /* MenuPauseFunc.swift */ = {isa = PBXFileReference; lastKnownFileType = sourcecode.swift; path = MenuPauseFunc.swift; sourceTree = "<group>"; };
		AF40FE022A5DF1740015D7A8 /* alagard.ttf */ = {isa = PBXFileReference; lastKnownFileType = file; path = alagard.ttf; sourceTree = "<group>"; };
		AF40FE032A5DF1890015D7A8 /* Info.plist */ = {isa = PBXFileReference; lastKnownFileType = text.plist; path = Info.plist; sourceTree = "<group>"; };
		AF7CA0292A605B2B00AFCCC1 /* MeenuPause.sks */ = {isa = PBXFileReference; lastKnownFileType = file.sks; path = MeenuPause.sks; sourceTree = "<group>"; };
		AF7CA02B2A605B7E00AFCCC1 /* MenuPause.swift */ = {isa = PBXFileReference; lastKnownFileType = sourcecode.swift; path = MenuPause.swift; sourceTree = "<group>"; };
		AF7CA02D2A6073D700AFCCC1 /* botao_pause_x2.png */ = {isa = PBXFileReference; lastKnownFileType = image.png; path = botao_pause_x2.png; sourceTree = "<group>"; };
		AFE8820F2A608239009DF268 /* buttonBackground.png */ = {isa = PBXFileReference; lastKnownFileType = image.png; path = buttonBackground.png; sourceTree = "<group>"; };
		AFE882102A608239009DF268 /* joystickButtonBackground.png */ = {isa = PBXFileReference; lastKnownFileType = image.png; path = joystickButtonBackground.png; sourceTree = "<group>"; };
		AFE882112A608239009DF268 /* checkButtonBackground.png */ = {isa = PBXFileReference; lastKnownFileType = image.png; path = checkButtonBackground.png; sourceTree = "<group>"; };
		AFE882122A608239009DF268 /* languageButtonBackground.png */ = {isa = PBXFileReference; lastKnownFileType = image.png; path = languageButtonBackground.png; sourceTree = "<group>"; };
		AFE882132A608239009DF268 /* backgroundPequeno.png */ = {isa = PBXFileReference; lastKnownFileType = image.png; path = backgroundPequeno.png; sourceTree = "<group>"; };
		AFE882142A60823A009DF268 /* musicButtonBackground.png */ = {isa = PBXFileReference; lastKnownFileType = image.png; path = musicButtonBackground.png; sourceTree = "<group>"; };
		AFE882152A60823A009DF268 /* musicMuteButtonBackground.png */ = {isa = PBXFileReference; lastKnownFileType = image.png; path = musicMuteButtonBackground.png; sourceTree = "<group>"; };
		AFE882162A60823A009DF268 /* settingsBackground.png */ = {isa = PBXFileReference; lastKnownFileType = image.png; path = settingsBackground.png; sourceTree = "<group>"; };
		AFE882172A60823A009DF268 /* soundButtonBackground.png */ = {isa = PBXFileReference; lastKnownFileType = image.png; path = soundButtonBackground.png; sourceTree = "<group>"; };
		AFE882182A60823A009DF268 /* soundMuteButtonBackground.png */ = {isa = PBXFileReference; lastKnownFileType = image.png; path = soundMuteButtonBackground.png; sourceTree = "<group>"; };
		AFE882192A60823A009DF268 /* aboutButtonBackground.png */ = {isa = PBXFileReference; lastKnownFileType = image.png; path = aboutButtonBackground.png; sourceTree = "<group>"; };
		AFE882252A608360009DF268 /* backgroundMenuPause.png */ = {isa = PBXFileReference; lastKnownFileType = image.png; path = backgroundMenuPause.png; sourceTree = "<group>"; };
		AFE882262A608360009DF268 /* exitButtonBackground.png */ = {isa = PBXFileReference; lastKnownFileType = image.png; path = exitButtonBackground.png; sourceTree = "<group>"; };
		AFE882272A608360009DF268 /* resumeButtonBackground.png */ = {isa = PBXFileReference; lastKnownFileType = image.png; path = resumeButtonBackground.png; sourceTree = "<group>"; };
		AFE882282A608360009DF268 /* restartButtonBackground.png */ = {isa = PBXFileReference; lastKnownFileType = image.png; path = restartButtonBackground.png; sourceTree = "<group>"; };
		AFE882292A608360009DF268 /* settingsButtonBackground.png */ = {isa = PBXFileReference; lastKnownFileType = image.png; path = settingsButtonBackground.png; sourceTree = "<group>"; };
		AFE8822F2A6083AD009DF268 /* MenuSettings.sks */ = {isa = PBXFileReference; lastKnownFileType = file.sks; path = MenuSettings.sks; sourceTree = "<group>"; };
		AFE882312A6086F7009DF268 /* MenuPause.sks */ = {isa = PBXFileReference; lastKnownFileType = file.sks; path = MenuPause.sks; sourceTree = "<group>"; };
		AFE882332A6088BD009DF268 /* MenuSettingsJoystick.sks */ = {isa = PBXFileReference; lastKnownFileType = file.sks; path = MenuSettingsJoystick.sks; sourceTree = "<group>"; };
		AFE882352A608923009DF268 /* MenuSettingsLanguage.sks */ = {isa = PBXFileReference; lastKnownFileType = file.sks; path = MenuSettingsLanguage.sks; sourceTree = "<group>"; };
/* End PBXFileReference section */

/* Begin PBXFrameworksBuildPhase section */
		AF40FDCC2A5DC6910015D7A8 /* Frameworks */ = {
			isa = PBXFrameworksBuildPhase;
			buildActionMask = 2147483647;
			files = (
			);
			runOnlyForDeploymentPostprocessing = 0;
		};
/* End PBXFrameworksBuildPhase section */

/* Begin PBXGroup section */
		AF40FDC62A5DC6910015D7A8 = {
			isa = PBXGroup;
			children = (
				AF40FDD12A5DC6910015D7A8 /* MiniChallenge01 */,
				AF40FDD02A5DC6910015D7A8 /* Products */,
			);
			sourceTree = "<group>";
		};
		AF40FDD02A5DC6910015D7A8 /* Products */ = {
			isa = PBXGroup;
			children = (
				AF40FDCF2A5DC6910015D7A8 /* MiniChallenge01.app */,
			);
			name = Products;
			sourceTree = "<group>";
		};
		AF40FDD12A5DC6910015D7A8 /* MiniChallenge01 */ = {
			isa = PBXGroup;
			children = (
				AF40FE032A5DF1890015D7A8 /* Info.plist */,
				AF40FDEF2A5DC9D50015D7A8 /* Scenes */,
				AF40FDF42A5DCCF10015D7A8 /* Components */,
				AF40FDF02A5DC9F30015D7A8 /* Assets */,
				AF40FDF12A5DCA380015D7A8 /* Outros */,
			);
			path = MiniChallenge01;
			sourceTree = "<group>";
		};
		AF40FDEF2A5DC9D50015D7A8 /* Scenes */ = {
			isa = PBXGroup;
			children = (
				AF40FDED2A5DC75A0015D7A8 /* GameScene.swift */,
				AFE8822F2A6083AD009DF268 /* MenuSettings.sks */,
				AFE882332A6088BD009DF268 /* MenuSettingsJoystick.sks */,
				AFE882352A608923009DF268 /* MenuSettingsLanguage.sks */,
				AFE882312A6086F7009DF268 /* MenuPause.sks */,
			);
			path = Scenes;
			sourceTree = "<group>";
		};
		AF40FDF02A5DC9F30015D7A8 /* Assets */ = {
			isa = PBXGroup;
			children = (
				AF40FE022A5DF1740015D7A8 /* alagard.ttf */,
				AFE8820E2A607F86009DF268 /* MenuSettingsAssets */,
				AF40FDFF2A5DE0040015D7A8 /* MenuPauseAssets */,
				AF40FDDF2A5DC6920015D7A8 /* Assets.xcassets */,
				AF7CA0292A605B2B00AFCCC1 /* MeenuPause.sks */,
				AF7CA02B2A605B7E00AFCCC1 /* MenuPause.swift */,
			);
			path = Assets;
			sourceTree = "<group>";
		};
		AF40FDF12A5DCA380015D7A8 /* Outros */ = {
			isa = PBXGroup;
			children = (
				AF40FE002A5DEADC0015D7A8 /* MenuPauseFunc.swift */,
				AF40FDD22A5DC6910015D7A8 /* AppDelegate.swift */,
				AF40FDE92A5DC6D10015D7A8 /* ViewController.swift */,
				AF40FDDC2A5DC6910015D7A8 /* Main.storyboard */,
				AF40FDE12A5DC6920015D7A8 /* LaunchScreen.storyboard */,
			);
			path = Outros;
			sourceTree = "<group>";
		};
		AF40FDF42A5DCCF10015D7A8 /* Components */ = {
			isa = PBXGroup;
			children = (
				AF40FDF22A5DCCE50015D7A8 /* SKButtonNode.swift */,
			);
			path = Components;
			sourceTree = "<group>";
		};
		AF40FDFF2A5DE0040015D7A8 /* MenuPauseAssets */ = {
			isa = PBXGroup;
			children = (
				AFE882262A608360009DF268 /* exitButtonBackground.png */,
				AFE882252A608360009DF268 /* backgroundMenuPause.png */,
				AFE882282A608360009DF268 /* restartButtonBackground.png */,
				AFE882272A608360009DF268 /* resumeButtonBackground.png */,
				AFE882292A608360009DF268 /* settingsButtonBackground.png */,
				AF7CA02D2A6073D700AFCCC1 /* botao_pause_x2.png */,
			);
			path = MenuPauseAssets;
			sourceTree = "<group>";
		};
		AFE8820E2A607F86009DF268 /* MenuSettingsAssets */ = {
			isa = PBXGroup;
			children = (
				AFE882192A60823A009DF268 /* aboutButtonBackground.png */,
				AFE882132A608239009DF268 /* backgroundPequeno.png */,
				AFE8820F2A608239009DF268 /* buttonBackground.png */,
				AFE882112A608239009DF268 /* checkButtonBackground.png */,
				AFE882102A608239009DF268 /* joystickButtonBackground.png */,
				AFE882122A608239009DF268 /* languageButtonBackground.png */,
				AFE882142A60823A009DF268 /* musicButtonBackground.png */,
				AFE882152A60823A009DF268 /* musicMuteButtonBackground.png */,
				AFE882162A60823A009DF268 /* settingsBackground.png */,
				AFE882172A60823A009DF268 /* soundButtonBackground.png */,
				AFE882182A60823A009DF268 /* soundMuteButtonBackground.png */,
			);
			path = MenuSettingsAssets;
			sourceTree = "<group>";
		};
/* End PBXGroup section */

/* Begin PBXNativeTarget section */
		AF40FDCE2A5DC6910015D7A8 /* MiniChallenge01 */ = {
			isa = PBXNativeTarget;
			buildConfigurationList = AF40FDE62A5DC6920015D7A8 /* Build configuration list for PBXNativeTarget "MiniChallenge01" */;
			buildPhases = (
				AF40FDCB2A5DC6910015D7A8 /* Sources */,
				AF40FDCC2A5DC6910015D7A8 /* Frameworks */,
				AF40FDCD2A5DC6910015D7A8 /* Resources */,
			);
			buildRules = (
			);
			dependencies = (
			);
			name = MiniChallenge01;
			productName = MiniChallenge01;
			productReference = AF40FDCF2A5DC6910015D7A8 /* MiniChallenge01.app */;
			productType = "com.apple.product-type.application";
		};
/* End PBXNativeTarget section */

/* Begin PBXProject section */
		AF40FDC72A5DC6910015D7A8 /* Project object */ = {
			isa = PBXProject;
			attributes = {
				BuildIndependentTargetsInParallel = 1;
				LastSwiftUpdateCheck = 1430;
				LastUpgradeCheck = 1430;
				TargetAttributes = {
					AF40FDCE2A5DC6910015D7A8 = {
						CreatedOnToolsVersion = 14.3;
					};
				};
			};
			buildConfigurationList = AF40FDCA2A5DC6910015D7A8 /* Build configuration list for PBXProject "MiniChallenge01" */;
			compatibilityVersion = "Xcode 14.0";
			developmentRegion = en;
			hasScannedForEncodings = 0;
			knownRegions = (
				en,
				Base,
			);
			mainGroup = AF40FDC62A5DC6910015D7A8;
			productRefGroup = AF40FDD02A5DC6910015D7A8 /* Products */;
			projectDirPath = "";
			projectRoot = "";
			targets = (
				AF40FDCE2A5DC6910015D7A8 /* MiniChallenge01 */,
			);
		};
/* End PBXProject section */

/* Begin PBXResourcesBuildPhase section */
		AF40FDCD2A5DC6910015D7A8 /* Resources */ = {
			isa = PBXResourcesBuildPhase;
			buildActionMask = 2147483647;
			files = (
				AFE882232A60823A009DF268 /* soundMuteButtonBackground.png in Resources */,
				AF7CA02E2A6073D700AFCCC1 /* botao_pause_x2.png in Resources */,
				AFE8822E2A608360009DF268 /* settingsButtonBackground.png in Resources */,
				AFE882322A6086F7009DF268 /* MenuPause.sks in Resources */,
				AFE882212A60823A009DF268 /* settingsBackground.png in Resources */,
				AFE8821B2A60823A009DF268 /* joystickButtonBackground.png in Resources */,
				AFE8822C2A608360009DF268 /* resumeButtonBackground.png in Resources */,
				AFE8821C2A60823A009DF268 /* checkButtonBackground.png in Resources */,
				AFE882362A608923009DF268 /* MenuSettingsLanguage.sks in Resources */,
				AFE8822D2A608360009DF268 /* restartButtonBackground.png in Resources */,
				AF40FDDE2A5DC6910015D7A8 /* Main.storyboard in Resources */,
				AFE882202A60823A009DF268 /* musicMuteButtonBackground.png in Resources */,
				AFE8822A2A608360009DF268 /* backgroundMenuPause.png in Resources */,
				AFE882302A6083AD009DF268 /* MenuSettings.sks in Resources */,
				AFE882342A6088BD009DF268 /* MenuSettingsJoystick.sks in Resources */,
				AFE882242A60823A009DF268 /* aboutButtonBackground.png in Resources */,
				AFE8821F2A60823A009DF268 /* musicButtonBackground.png in Resources */,
				AFE8821E2A60823A009DF268 /* backgroundPequeno.png in Resources */,
				AFE8822B2A608360009DF268 /* exitButtonBackground.png in Resources */,
				AFE882222A60823A009DF268 /* soundButtonBackground.png in Resources */,
				AF7CA02A2A605B2B00AFCCC1 /* MeenuPause.sks in Resources */,
				AFE8821D2A60823A009DF268 /* languageButtonBackground.png in Resources */,
				AFE8821A2A60823A009DF268 /* buttonBackground.png in Resources */,
				AF40FDE02A5DC6920015D7A8 /* Assets.xcassets in Resources */,
				AF40FDE32A5DC6920015D7A8 /* LaunchScreen.storyboard in Resources */,
			);
			runOnlyForDeploymentPostprocessing = 0;
		};
/* End PBXResourcesBuildPhase section */

/* Begin PBXSourcesBuildPhase section */
		AF40FDCB2A5DC6910015D7A8 /* Sources */ = {
			isa = PBXSourcesBuildPhase;
			buildActionMask = 2147483647;
			files = (
				AF40FDEE2A5DC75A0015D7A8 /* GameScene.swift in Sources */,
				AF40FDF32A5DCCE50015D7A8 /* SKButtonNode.swift in Sources */,
				AF40FDEA2A5DC6D10015D7A8 /* ViewController.swift in Sources */,
				AF40FE012A5DEADC0015D7A8 /* MenuPauseFunc.swift in Sources */,
				AF40FDD32A5DC6910015D7A8 /* AppDelegate.swift in Sources */,
				AF7CA02C2A605B7E00AFCCC1 /* MenuPause.swift in Sources */,
			);
			runOnlyForDeploymentPostprocessing = 0;
		};
/* End PBXSourcesBuildPhase section */

/* Begin PBXVariantGroup section */
		AF40FDDC2A5DC6910015D7A8 /* Main.storyboard */ = {
			isa = PBXVariantGroup;
			children = (
				AF40FDDD2A5DC6910015D7A8 /* Base */,
			);
			name = Main.storyboard;
			sourceTree = "<group>";
		};
		AF40FDE12A5DC6920015D7A8 /* LaunchScreen.storyboard */ = {
			isa = PBXVariantGroup;
			children = (
				AF40FDE22A5DC6920015D7A8 /* Base */,
			);
			name = LaunchScreen.storyboard;
			sourceTree = "<group>";
		};
/* End PBXVariantGroup section */

/* Begin XCBuildConfiguration section */
		AF40FDE42A5DC6920015D7A8 /* Debug */ = {
			isa = XCBuildConfiguration;
			buildSettings = {
				ALWAYS_SEARCH_USER_PATHS = NO;
				CLANG_ANALYZER_NONNULL = YES;
				CLANG_ANALYZER_NUMBER_OBJECT_CONVERSION = YES_AGGRESSIVE;
				CLANG_CXX_LANGUAGE_STANDARD = "gnu++20";
				CLANG_ENABLE_MODULES = YES;
				CLANG_ENABLE_OBJC_ARC = YES;
				CLANG_ENABLE_OBJC_WEAK = YES;
				CLANG_WARN_BLOCK_CAPTURE_AUTORELEASING = YES;
				CLANG_WARN_BOOL_CONVERSION = YES;
				CLANG_WARN_COMMA = YES;
				CLANG_WARN_CONSTANT_CONVERSION = YES;
				CLANG_WARN_DEPRECATED_OBJC_IMPLEMENTATIONS = YES;
				CLANG_WARN_DIRECT_OBJC_ISA_USAGE = YES_ERROR;
				CLANG_WARN_DOCUMENTATION_COMMENTS = YES;
				CLANG_WARN_EMPTY_BODY = YES;
				CLANG_WARN_ENUM_CONVERSION = YES;
				CLANG_WARN_INFINITE_RECURSION = YES;
				CLANG_WARN_INT_CONVERSION = YES;
				CLANG_WARN_NON_LITERAL_NULL_CONVERSION = YES;
				CLANG_WARN_OBJC_IMPLICIT_RETAIN_SELF = YES;
				CLANG_WARN_OBJC_LITERAL_CONVERSION = YES;
				CLANG_WARN_OBJC_ROOT_CLASS = YES_ERROR;
				CLANG_WARN_QUOTED_INCLUDE_IN_FRAMEWORK_HEADER = YES;
				CLANG_WARN_RANGE_LOOP_ANALYSIS = YES;
				CLANG_WARN_STRICT_PROTOTYPES = YES;
				CLANG_WARN_SUSPICIOUS_MOVE = YES;
				CLANG_WARN_UNGUARDED_AVAILABILITY = YES_AGGRESSIVE;
				CLANG_WARN_UNREACHABLE_CODE = YES;
				CLANG_WARN__DUPLICATE_METHOD_MATCH = YES;
				COPY_PHASE_STRIP = NO;
				DEBUG_INFORMATION_FORMAT = dwarf;
				ENABLE_STRICT_OBJC_MSGSEND = YES;
				ENABLE_TESTABILITY = YES;
				GCC_C_LANGUAGE_STANDARD = gnu11;
				GCC_DYNAMIC_NO_PIC = NO;
				GCC_NO_COMMON_BLOCKS = YES;
				GCC_OPTIMIZATION_LEVEL = 0;
				GCC_PREPROCESSOR_DEFINITIONS = (
					"DEBUG=1",
					"$(inherited)",
				);
				GCC_WARN_64_TO_32_BIT_CONVERSION = YES;
				GCC_WARN_ABOUT_RETURN_TYPE = YES_ERROR;
				GCC_WARN_UNDECLARED_SELECTOR = YES;
				GCC_WARN_UNINITIALIZED_AUTOS = YES_AGGRESSIVE;
				GCC_WARN_UNUSED_FUNCTION = YES;
				GCC_WARN_UNUSED_VARIABLE = YES;
				IPHONEOS_DEPLOYMENT_TARGET = 16.4;
				MTL_ENABLE_DEBUG_INFO = INCLUDE_SOURCE;
				MTL_FAST_MATH = YES;
				ONLY_ACTIVE_ARCH = YES;
				SDKROOT = iphoneos;
				SWIFT_ACTIVE_COMPILATION_CONDITIONS = DEBUG;
				SWIFT_OPTIMIZATION_LEVEL = "-Onone";
			};
			name = Debug;
		};
		AF40FDE52A5DC6920015D7A8 /* Release */ = {
			isa = XCBuildConfiguration;
			buildSettings = {
				ALWAYS_SEARCH_USER_PATHS = NO;
				CLANG_ANALYZER_NONNULL = YES;
				CLANG_ANALYZER_NUMBER_OBJECT_CONVERSION = YES_AGGRESSIVE;
				CLANG_CXX_LANGUAGE_STANDARD = "gnu++20";
				CLANG_ENABLE_MODULES = YES;
				CLANG_ENABLE_OBJC_ARC = YES;
				CLANG_ENABLE_OBJC_WEAK = YES;
				CLANG_WARN_BLOCK_CAPTURE_AUTORELEASING = YES;
				CLANG_WARN_BOOL_CONVERSION = YES;
				CLANG_WARN_COMMA = YES;
				CLANG_WARN_CONSTANT_CONVERSION = YES;
				CLANG_WARN_DEPRECATED_OBJC_IMPLEMENTATIONS = YES;
				CLANG_WARN_DIRECT_OBJC_ISA_USAGE = YES_ERROR;
				CLANG_WARN_DOCUMENTATION_COMMENTS = YES;
				CLANG_WARN_EMPTY_BODY = YES;
				CLANG_WARN_ENUM_CONVERSION = YES;
				CLANG_WARN_INFINITE_RECURSION = YES;
				CLANG_WARN_INT_CONVERSION = YES;
				CLANG_WARN_NON_LITERAL_NULL_CONVERSION = YES;
				CLANG_WARN_OBJC_IMPLICIT_RETAIN_SELF = YES;
				CLANG_WARN_OBJC_LITERAL_CONVERSION = YES;
				CLANG_WARN_OBJC_ROOT_CLASS = YES_ERROR;
				CLANG_WARN_QUOTED_INCLUDE_IN_FRAMEWORK_HEADER = YES;
				CLANG_WARN_RANGE_LOOP_ANALYSIS = YES;
				CLANG_WARN_STRICT_PROTOTYPES = YES;
				CLANG_WARN_SUSPICIOUS_MOVE = YES;
				CLANG_WARN_UNGUARDED_AVAILABILITY = YES_AGGRESSIVE;
				CLANG_WARN_UNREACHABLE_CODE = YES;
				CLANG_WARN__DUPLICATE_METHOD_MATCH = YES;
				COPY_PHASE_STRIP = NO;
				DEBUG_INFORMATION_FORMAT = "dwarf-with-dsym";
				ENABLE_NS_ASSERTIONS = NO;
				ENABLE_STRICT_OBJC_MSGSEND = YES;
				GCC_C_LANGUAGE_STANDARD = gnu11;
				GCC_NO_COMMON_BLOCKS = YES;
				GCC_WARN_64_TO_32_BIT_CONVERSION = YES;
				GCC_WARN_ABOUT_RETURN_TYPE = YES_ERROR;
				GCC_WARN_UNDECLARED_SELECTOR = YES;
				GCC_WARN_UNINITIALIZED_AUTOS = YES_AGGRESSIVE;
				GCC_WARN_UNUSED_FUNCTION = YES;
				GCC_WARN_UNUSED_VARIABLE = YES;
				IPHONEOS_DEPLOYMENT_TARGET = 16.4;
				MTL_ENABLE_DEBUG_INFO = NO;
				MTL_FAST_MATH = YES;
				SDKROOT = iphoneos;
				SWIFT_COMPILATION_MODE = wholemodule;
				SWIFT_OPTIMIZATION_LEVEL = "-O";
				VALIDATE_PRODUCT = YES;
			};
			name = Release;
		};
		AF40FDE72A5DC6920015D7A8 /* Debug */ = {
			isa = XCBuildConfiguration;
			buildSettings = {
				ASSETCATALOG_COMPILER_APPICON_NAME = AppIcon;
				ASSETCATALOG_COMPILER_GLOBAL_ACCENT_COLOR_NAME = AccentColor;
				CODE_SIGN_STYLE = Automatic;
				CURRENT_PROJECT_VERSION = 1;
				DEVELOPMENT_TEAM = 5Y55P884H9;
				GENERATE_INFOPLIST_FILE = YES;
				INFOPLIST_FILE = MiniChallenge01/Info.plist;
				INFOPLIST_KEY_UIApplicationSupportsIndirectInputEvents = YES;
				INFOPLIST_KEY_UILaunchStoryboardName = LaunchScreen;
				INFOPLIST_KEY_UIMainStoryboardFile = Main;
				INFOPLIST_KEY_UIStatusBarHidden = YES;
				INFOPLIST_KEY_UISupportedInterfaceOrientations_iPad = "UIInterfaceOrientationPortrait UIInterfaceOrientationPortraitUpsideDown UIInterfaceOrientationLandscapeLeft UIInterfaceOrientationLandscapeRight";
				INFOPLIST_KEY_UISupportedInterfaceOrientations_iPhone = "UIInterfaceOrientationPortrait UIInterfaceOrientationLandscapeLeft UIInterfaceOrientationLandscapeRight";
				LD_RUNPATH_SEARCH_PATHS = (
					"$(inherited)",
					"@executable_path/Frameworks",
				);
				MARKETING_VERSION = 1.0;
				PRODUCT_BUNDLE_IDENTIFIER = FirstProject.MiniChallenge01;
				PRODUCT_NAME = "$(TARGET_NAME)";
				SWIFT_EMIT_LOC_STRINGS = YES;
				SWIFT_VERSION = 5.0;
				TARGETED_DEVICE_FAMILY = "1,2";
			};
			name = Debug;
		};
		AF40FDE82A5DC6920015D7A8 /* Release */ = {
			isa = XCBuildConfiguration;
			buildSettings = {
				ASSETCATALOG_COMPILER_APPICON_NAME = AppIcon;
				ASSETCATALOG_COMPILER_GLOBAL_ACCENT_COLOR_NAME = AccentColor;
				CODE_SIGN_STYLE = Automatic;
				CURRENT_PROJECT_VERSION = 1;
				DEVELOPMENT_TEAM = 5Y55P884H9;
				GENERATE_INFOPLIST_FILE = YES;
				INFOPLIST_FILE = MiniChallenge01/Info.plist;
				INFOPLIST_KEY_UIApplicationSupportsIndirectInputEvents = YES;
				INFOPLIST_KEY_UILaunchStoryboardName = LaunchScreen;
				INFOPLIST_KEY_UIMainStoryboardFile = Main;
				INFOPLIST_KEY_UIStatusBarHidden = YES;
				INFOPLIST_KEY_UISupportedInterfaceOrientations_iPad = "UIInterfaceOrientationPortrait UIInterfaceOrientationPortraitUpsideDown UIInterfaceOrientationLandscapeLeft UIInterfaceOrientationLandscapeRight";
				INFOPLIST_KEY_UISupportedInterfaceOrientations_iPhone = "UIInterfaceOrientationPortrait UIInterfaceOrientationLandscapeLeft UIInterfaceOrientationLandscapeRight";
				LD_RUNPATH_SEARCH_PATHS = (
					"$(inherited)",
					"@executable_path/Frameworks",
				);
				MARKETING_VERSION = 1.0;
				PRODUCT_BUNDLE_IDENTIFIER = FirstProject.MiniChallenge01;
				PRODUCT_NAME = "$(TARGET_NAME)";
				SWIFT_EMIT_LOC_STRINGS = YES;
				SWIFT_VERSION = 5.0;
				TARGETED_DEVICE_FAMILY = "1,2";
			};
			name = Release;
		};
/* End XCBuildConfiguration section */

/* Begin XCConfigurationList section */
		AF40FDCA2A5DC6910015D7A8 /* Build configuration list for PBXProject "MiniChallenge01" */ = {
			isa = XCConfigurationList;
			buildConfigurations = (
				AF40FDE42A5DC6920015D7A8 /* Debug */,
				AF40FDE52A5DC6920015D7A8 /* Release */,
			);
			defaultConfigurationIsVisible = 0;
			defaultConfigurationName = Release;
		};
		AF40FDE62A5DC6920015D7A8 /* Build configuration list for PBXNativeTarget "MiniChallenge01" */ = {
			isa = XCConfigurationList;
			buildConfigurations = (
				AF40FDE72A5DC6920015D7A8 /* Debug */,
				AF40FDE82A5DC6920015D7A8 /* Release */,
			);
			defaultConfigurationIsVisible = 0;
			defaultConfigurationName = Release;
		};
/* End XCConfigurationList section */
	};
	rootObject = AF40FDC72A5DC6910015D7A8 /* Project object */;
}
